
Microsoft Visual Studio Solution File, Format Version 12.00
# Visual Studio Version 16
VisualStudioVersion = 16.0.31025.194
MinimumVisualStudioVersion = 10.0.40219.1
Project("{FAE04EC0-301F-11D3-BF4B-00C04F79EFBC}") = "AppSettingsReader", "AppSettingUtil\AppSettingsReader.csproj", "{728B359C-6706-4336-9D50-0AFB0BD80C2A}"
EndProject
Project("{FAE04EC0-301F-11D3-BF4B-00C04F79EFBC}") = "AppSettingsReaderTests", "AppSettingsReaderTests\AppSettingsReaderTests.csproj", "{2114A0EE-4957-4681-B5E1-EC623BC11677}"
EndProject
Global
	GlobalSection(SolutionConfigurationPlatforms) = preSolution
		Debug|Any CPU = Debug|Any CPU
		Release|Any CPU = Release|Any CPU
	EndGlobalSection
	GlobalSection(ProjectConfigurationPlatforms) = postSolution
		{728B359C-6706-4336-9D50-0AFB0BD80C2A}.Debug|Any CPU.ActiveCfg = Debug|Any CPU
		{728B359C-6706-4336-9D50-0AFB0BD80C2A}.Debug|Any CPU.Build.0 = Debug|Any CPU
		{728B359C-6706-4336-9D50-0AFB0BD80C2A}.Release|Any CPU.ActiveCfg = Release|Any CPU
		{728B359C-6706-4336-9D50-0AFB0BD80C2A}.Release|Any CPU.Build.0 = Release|Any CPU
		{2114A0EE-4957-4681-B5E1-EC623BC11677}.Debug|Any CPU.ActiveCfg = Debug|Any CPU
		{2114A0EE-4957-4681-B5E1-EC623BC11677}.Debug|Any CPU.Build.0 = Debug|Any CPU
		{2114A0EE-4957-4681-B5E1-EC623BC11677}.Release|Any CPU.ActiveCfg = Release|Any CPU
		{2114A0EE-4957-4681-B5E1-EC623BC11677}.Release|Any CPU.Build.0 = Release|Any CPU
	EndGlobalSection
	GlobalSection(SolutionProperties) = preSolution
		HideSolutionNode = FALSE
	EndGlobalSection
	GlobalSection(ExtensibilityGlobals) = postSolution
		SolutionGuid = {5BD6E623-8161-4242-ACFF-822AE8DE5EA3}
	EndGlobalSection
EndGlobal
